
Microsoft Visual Studio Solution File, Format Version 12.00
# Visual Studio Version 17
VisualStudioVersion = 17.10.35122.118
MinimumVisualStudioVersion = 10.0.40219.1
Project("{8BC9CEB8-8B4A-11D0-8D11-00A0C91BC942}") = "WinForensics", "WinForensiscs\WinForensiscs.vcxproj", "{1B013434-957F-4BF6-8222-427DBD61597D}"
EndProject
Project("{8BC9CEB8-8B4A-11D0-8D11-00A0C91BC942}") = "WinDbgCppCommon", "WinDbgCppCommon\WinDbgCppCommon.vcxitems", "{5F48FB1D-5F2B-4C90-AC09-227EF8AB2576}"
EndProject
Project("{8BC9CEB8-8B4A-11D0-8D11-00A0C91BC942}") = "WinForensicsExt", "WinForensicsExt\WinForensicsExt.vcxproj", "{EF2673E0-0CF8-4533-92AA-DF456ABB20A7}"
EndProject
Project("{8BC9CEB8-8B4A-11D0-8D11-00A0C91BC942}") = "WinForensicsPlugins", "Plugins\Plugins.vcxitems", "{6E6F0265-D0D7-4E34-A77B-06DC94348BDE}"
EndProject
Global
	GlobalSection(SolutionConfigurationPlatforms) = preSolution
		Debug|x64 = Debug|x64
		Debug|x86 = Debug|x86
		Release|x64 = Release|x64
		Release|x86 = Release|x86
	EndGlobalSection
	GlobalSection(ProjectConfigurationPlatforms) = postSolution
		{1B013434-957F-4BF6-8222-427DBD61597D}.Debug|x64.ActiveCfg = Debug|x64
		{1B013434-957F-4BF6-8222-427DBD61597D}.Debug|x64.Build.0 = Debug|x64
		{1B013434-957F-4BF6-8222-427DBD61597D}.Debug|x86.ActiveCfg = Debug|Win32
		{1B013434-957F-4BF6-8222-427DBD61597D}.Debug|x86.Build.0 = Debug|Win32
		{1B013434-957F-4BF6-8222-427DBD61597D}.Release|x64.ActiveCfg = Release|x64
		{1B013434-957F-4BF6-8222-427DBD61597D}.Release|x64.Build.0 = Release|x64
		{1B013434-957F-4BF6-8222-427DBD61597D}.Release|x86.ActiveCfg = Release|Win32
		{1B013434-957F-4BF6-8222-427DBD61597D}.Release|x86.Build.0 = Release|Win32
		{EF2673E0-0CF8-4533-92AA-DF456ABB20A7}.Debug|x64.ActiveCfg = Debug|x64
		{EF2673E0-0CF8-4533-92AA-DF456ABB20A7}.Debug|x64.Build.0 = Debug|x64
		{EF2673E0-0CF8-4533-92AA-DF456ABB20A7}.Debug|x86.ActiveCfg = Debug|Win32
		{EF2673E0-0CF8-4533-92AA-DF456ABB20A7}.Debug|x86.Build.0 = Debug|Win32
		{EF2673E0-0CF8-4533-92AA-DF456ABB20A7}.Release|x64.ActiveCfg = Release|x64
		{EF2673E0-0CF8-4533-92AA-DF456ABB20A7}.Release|x64.Build.0 = Release|x64
		{EF2673E0-0CF8-4533-92AA-DF456ABB20A7}.Release|x86.ActiveCfg = Release|Win32
		{EF2673E0-0CF8-4533-92AA-DF456ABB20A7}.Release|x86.Build.0 = Release|Win32
	EndGlobalSection
	GlobalSection(SolutionProperties) = preSolution
		HideSolutionNode = FALSE
	EndGlobalSection
	GlobalSection(ExtensibilityGlobals) = postSolution
		SolutionGuid = {5C07C315-B764-4FEE-A481-50131D6A9341}
	EndGlobalSection
	GlobalSection(SharedMSBuildProjectFiles) = preSolution
		WinDbgCppCommon\WinDbgCppCommon.vcxitems*{1b013434-957f-4bf6-8222-427dbd61597d}*SharedItemsImports = 4
		WinDbgCppCommon\WinDbgCppCommon.vcxitems*{5f48fb1d-5f2b-4c90-ac09-227ef8ab2576}*SharedItemsImports = 9
		Plugins\Plugins.vcxitems*{6e6f0265-d0d7-4e34-a77b-06dc94348bde}*SharedItemsImports = 9
		WinDbgCppCommon\WinDbgCppCommon.vcxitems*{ef2673e0-0cf8-4533-92aa-df456abb20a7}*SharedItemsImports = 4
	EndGlobalSection
EndGlobal
